PODS:
  - abseil/algorithm/algorithm (1.20200225.0):
    - abseil/base/config
  - abseil/algorithm/container (1.20200225.0):
    - abseil/algorithm/algorithm
    - abseil/base/core_headers
    - abseil/meta/type_traits
  - abseil/base/atomic_hook (1.20200225.0):
    - abseil/base/config
    - abseil/base/core_headers
  - abseil/base/base (1.20200225.0):
    - abseil/base/atomic_hook
    - abseil/base/base_internal
    - abseil/base/config
    - abseil/base/core_headers
    - abseil/base/dynamic_annotations
    - abseil/base/log_severity
    - abseil/base/raw_logging_internal
    - abseil/base/spinlock_wait
    - abseil/meta/type_traits
  - abseil/base/base_internal (1.20200225.0):
    - abseil/base/config
    - abseil/meta/type_traits
  - abseil/base/bits (1.20200225.0):
    - abseil/base/config
    - abseil/base/core_headers
  - abseil/base/config (1.20200225.0)
  - abseil/base/core_headers (1.20200225.0):
    - abseil/base/config
  - abseil/base/dynamic_annotations (1.20200225.0)
  - abseil/base/endian (1.20200225.0):
    - abseil/base/config
    - abseil/base/core_headers
  - abseil/base/errno_saver (1.20200225.0):
    - abseil/base/config
  - abseil/base/exponential_biased (1.20200225.0):
    - abseil/base/config
    - abseil/base/core_headers
  - abseil/base/log_severity (1.20200225.0):
    - abseil/base/config
    - abseil/base/core_headers
  - abseil/base/malloc_internal (1.20200225.0):
    - abseil/base/base
    - abseil/base/base_internal
    - abseil/base/config
    - abseil/base/core_headers
    - abseil/base/dynamic_annotations
    - abseil/base/raw_logging_internal
  - abseil/base/raw_logging_internal (1.20200225.0):
    - abseil/base/atomic_hook
    - abseil/base/config
    - abseil/base/core_headers
    - abseil/base/log_severity
  - abseil/base/spinlock_wait (1.20200225.0):
    - abseil/base/base_internal
    - abseil/base/core_headers
    - abseil/base/errno_saver
  - abseil/base/throw_delegate (1.20200225.0):
    - abseil/base/config
    - abseil/base/raw_logging_internal
  - abseil/container/common (1.20200225.0):
    - abseil/meta/type_traits
    - abseil/types/optional
  - abseil/container/compressed_tuple (1.20200225.0):
    - abseil/utility/utility
  - abseil/container/container_memory (1.20200225.0):
    - abseil/memory/memory
    - abseil/utility/utility
  - abseil/container/fixed_array (1.20200225.0):
    - abseil/algorithm/algorithm
    - abseil/base/core_headers
    - abseil/base/dynamic_annotations
    - abseil/base/throw_delegate
    - abseil/container/compressed_tuple
    - abseil/memory/memory
  - abseil/container/flat_hash_set (1.20200225.0):
    - abseil/algorithm/container
    - abseil/base/core_headers
    - abseil/container/container_memory
    - abseil/container/hash_function_defaults
    - abseil/container/raw_hash_set
    - abseil/memory/memory
  - abseil/container/hash_function_defaults (1.20200225.0):
    - abseil/base/config
    - abseil/hash/hash
    - abseil/strings/strings
  - abseil/container/hash_policy_traits (1.20200225.0):
    - abseil/meta/type_traits
  - abseil/container/hashtable_debug_hooks (1.20200225.0):
    - abseil/base/config
  - abseil/container/hashtablez_sampler (1.20200225.0):
    - abseil/base/base
    - abseil/base/core_headers
    - abseil/base/exponential_biased
    - abseil/container/have_sse
    - abseil/debugging/stacktrace
    - abseil/memory/memory
    - abseil/synchronization/synchronization
    - abseil/utility/utility
  - abseil/container/have_sse (1.20200225.0)
  - abseil/container/inlined_vector (1.20200225.0):
    - abseil/algorithm/algorithm
    - abseil/base/core_headers
    - abseil/base/throw_delegate
    - abseil/container/inlined_vector_internal
    - abseil/memory/memory
  - abseil/container/inlined_vector_internal (1.20200225.0):
    - abseil/base/core_headers
    - abseil/container/compressed_tuple
    - abseil/memory/memory
    - abseil/meta/type_traits
    - abseil/types/span
  - abseil/container/layout (1.20200225.0):
    - abseil/base/core_headers
    - abseil/meta/type_traits
    - abseil/strings/strings
    - abseil/types/span
    - abseil/utility/utility
  - abseil/container/raw_hash_set (1.20200225.0):
    - abseil/base/bits
    - abseil/base/config
    - abseil/base/core_headers
    - abseil/base/endian
    - abseil/container/common
    - abseil/container/compressed_tuple
    - abseil/container/container_memory
    - abseil/container/hash_policy_traits
    - abseil/container/hashtable_debug_hooks
    - abseil/container/hashtablez_sampler
    - abseil/container/have_sse
    - abseil/container/layout
    - abseil/memory/memory
    - abseil/meta/type_traits
    - abseil/utility/utility
  - abseil/debugging/debugging_internal (1.20200225.0):
    - abseil/base/config
    - abseil/base/core_headers
    - abseil/base/dynamic_annotations
    - abseil/base/errno_saver
    - abseil/base/raw_logging_internal
  - abseil/debugging/demangle_internal (1.20200225.0):
    - abseil/base/base
    - abseil/base/config
    - abseil/base/core_headers
  - abseil/debugging/stacktrace (1.20200225.0):
    - abseil/base/config
    - abseil/base/core_headers
    - abseil/debugging/debugging_internal
  - abseil/debugging/symbolize (1.20200225.0):
    - abseil/base/base
    - abseil/base/config
    - abseil/base/core_headers
    - abseil/base/dynamic_annotations
    - abseil/base/malloc_internal
    - abseil/base/raw_logging_internal
    - abseil/debugging/debugging_internal
    - abseil/debugging/demangle_internal
  - abseil/functional/function_ref (1.20200225.0):
    - abseil/base/base_internal
    - abseil/meta/type_traits
  - abseil/hash/city (1.20200225.0):
    - abseil/base/config
    - abseil/base/core_headers
    - abseil/base/endian
  - abseil/hash/hash (1.20200225.0):
    - abseil/base/core_headers
    - abseil/base/endian
    - abseil/container/fixed_array
    - abseil/hash/city
    - abseil/meta/type_traits
    - abseil/numeric/int128
    - abseil/strings/strings
    - abseil/types/optional
    - abseil/types/variant
    - abseil/utility/utility
  - abseil/memory/memory (1.20200225.0):
    - abseil/base/core_headers
    - abseil/meta/type_traits
  - abseil/meta/type_traits (1.20200225.0):
    - abseil/base/config
  - abseil/numeric/int128 (1.20200225.0):
    - abseil/base/config
    - abseil/base/core_headers
  - abseil/status/status (1.20200225.0):
    - abseil/base/config
    - abseil/base/core_headers
    - abseil/base/raw_logging_internal
    - abseil/container/inlined_vector
    - abseil/debugging/stacktrace
    - abseil/debugging/symbolize
    - abseil/strings/cord
    - abseil/strings/str_format
    - abseil/strings/strings
    - abseil/types/optional
  - abseil/strings/cord (1.20200225.0):
    - abseil/base/base
    - abseil/base/base_internal
    - abseil/base/core_headers
    - abseil/base/endian
    - abseil/base/raw_logging_internal
    - abseil/container/fixed_array
    - abseil/container/inlined_vector
    - abseil/functional/function_ref
    - abseil/meta/type_traits
    - abseil/strings/cord_internal
    - abseil/strings/internal
    - abseil/strings/str_format
    - abseil/strings/strings
    - abseil/types/optional
  - abseil/strings/cord_internal (1.20200225.0):
    - abseil/meta/type_traits
    - abseil/strings/strings
  - abseil/strings/internal (1.20200225.0):
    - abseil/base/config
    - abseil/base/core_headers
    - abseil/base/endian
    - abseil/base/raw_logging_internal
    - abseil/meta/type_traits
  - abseil/strings/str_format (1.20200225.0):
    - abseil/strings/str_format_internal
  - abseil/strings/str_format_internal (1.20200225.0):
    - abseil/base/config
    - abseil/base/core_headers
    - abseil/meta/type_traits
    - abseil/numeric/int128
    - abseil/strings/strings
    - abseil/types/span
  - abseil/strings/strings (1.20200225.0):
    - abseil/base/base
    - abseil/base/bits
    - abseil/base/config
    - abseil/base/core_headers
    - abseil/base/endian
    - abseil/base/raw_logging_internal
    - abseil/base/throw_delegate
    - abseil/memory/memory
    - abseil/meta/type_traits
    - abseil/numeric/int128
    - abseil/strings/internal
  - abseil/synchronization/graphcycles_internal (1.20200225.0):
    - abseil/base/base
    - abseil/base/base_internal
    - abseil/base/config
    - abseil/base/core_headers
    - abseil/base/malloc_internal
    - abseil/base/raw_logging_internal
  - abseil/synchronization/kernel_timeout_internal (1.20200225.0):
    - abseil/base/core_headers
    - abseil/base/raw_logging_internal
    - abseil/time/time
  - abseil/synchronization/synchronization (1.20200225.0):
    - abseil/base/atomic_hook
    - abseil/base/base
    - abseil/base/base_internal
    - abseil/base/config
    - abseil/base/core_headers
    - abseil/base/dynamic_annotations
    - abseil/base/malloc_internal
    - abseil/base/raw_logging_internal
    - abseil/debugging/stacktrace
    - abseil/debugging/symbolize
    - abseil/synchronization/graphcycles_internal
    - abseil/synchronization/kernel_timeout_internal
    - abseil/time/time
  - abseil/time/internal/cctz/civil_time (1.20200225.0):
    - abseil/base/config
  - abseil/time/internal/cctz/time_zone (1.20200225.0):
    - abseil/base/config
    - abseil/time/internal/cctz/civil_time
  - abseil/time/time (1.20200225.0):
    - abseil/base/base
    - abseil/base/core_headers
    - abseil/base/raw_logging_internal
    - abseil/numeric/int128
    - abseil/strings/strings
    - abseil/time/internal/cctz/civil_time
    - abseil/time/internal/cctz/time_zone
  - abseil/types/bad_optional_access (1.20200225.0):
    - abseil/base/config
    - abseil/base/raw_logging_internal
  - abseil/types/bad_variant_access (1.20200225.0):
    - abseil/base/config
    - abseil/base/raw_logging_internal
  - abseil/types/optional (1.20200225.0):
    - abseil/base/base_internal
    - abseil/base/config
    - abseil/base/core_headers
    - abseil/memory/memory
    - abseil/meta/type_traits
    - abseil/types/bad_optional_access
    - abseil/utility/utility
  - abseil/types/span (1.20200225.0):
    - abseil/algorithm/algorithm
    - abseil/base/core_headers
    - abseil/base/throw_delegate
    - abseil/meta/type_traits
  - abseil/types/variant (1.20200225.0):
    - abseil/base/base_internal
    - abseil/base/config
    - abseil/base/core_headers
    - abseil/meta/type_traits
    - abseil/types/bad_variant_access
    - abseil/utility/utility
  - abseil/utility/utility (1.20200225.0):
    - abseil/base/base_internal
    - abseil/base/config
    - abseil/meta/type_traits
  - BoringSSL-GRPC (0.0.13):
    - BoringSSL-GRPC/Implementation (= 0.0.13)
    - BoringSSL-GRPC/Interface (= 0.0.13)
  - BoringSSL-GRPC/Implementation (0.0.13):
    - BoringSSL-GRPC/Interface (= 0.0.13)
  - BoringSSL-GRPC/Interface (0.0.13)
  - Firebase/Auth (4.13.0):
    - Firebase/Core
    - FirebaseAuth (= 4.6.1)
  - Firebase/Core (4.13.0):
    - FirebaseAnalytics (= 4.2.0)
    - FirebaseCore (= 4.0.20)
  - Firebase/Firestore (4.13.0):
    - Firebase/Core
    - FirebaseFirestore (= 0.11.0)
  - FirebaseAnalytics (4.2.0):
    - FirebaseCore (~> 4.0)
    - FirebaseInstanceID (~> 2.0)
    - "GoogleToolboxForMac/NSData+zlib (~> 2.1)"
    - nanopb (~> 0.3)
  - FirebaseAuth (4.6.1):
    - FirebaseAnalytics (~> 4.2)
    - "GoogleToolboxForMac/NSDictionary+URLArguments (~> 2.1)"
    - GTMSessionFetcher/Core (~> 1.1)
  - FirebaseCore (4.0.20):
    - "GoogleToolboxForMac/NSData+zlib (~> 2.1)"
  - FirebaseFirestore (0.11.0):
    - FirebaseAnalytics (~> 4.1)
    - FirebaseCore (~> 4.0)
    - gRPC-ProtoRPC (~> 1.0)
    - leveldb-library (~> 1.18)
    - Protobuf (~> 3.5)
  - FirebaseInstanceID (2.0.10):
    - FirebaseCore (~> 4.0)
  - GoogleToolboxForMac/DebugUtils (2.1.4):
    - GoogleToolboxForMac/Defines (= 2.1.4)
  - GoogleToolboxForMac/Defines (2.1.4)
  - "GoogleToolboxForMac/NSData+zlib (2.1.4)":
    - GoogleToolboxForMac/Defines (= 2.1.4)
  - "GoogleToolboxForMac/NSDictionary+URLArguments (2.1.4)":
    - GoogleToolboxForMac/DebugUtils (= 2.1.4)
    - GoogleToolboxForMac/Defines (= 2.1.4)
    - "GoogleToolboxForMac/NSString+URLArguments (= 2.1.4)"
  - "GoogleToolboxForMac/NSString+URLArguments (2.1.4)"
  - gRPC-Core (1.33.1):
    - gRPC-Core/Implementation (= 1.33.1)
    - gRPC-Core/Interface (= 1.33.1)
  - gRPC-Core/Implementation (1.33.1):
    - abseil/base/base (= 1.20200225.0)
    - abseil/container/flat_hash_set (= 1.20200225.0)
    - abseil/container/inlined_vector (= 1.20200225.0)
    - abseil/memory/memory (= 1.20200225.0)
    - abseil/status/status (= 1.20200225.0)
    - abseil/strings/str_format (= 1.20200225.0)
    - abseil/strings/strings (= 1.20200225.0)
    - abseil/synchronization/synchronization (= 1.20200225.0)
    - abseil/time/time (= 1.20200225.0)
    - abseil/types/optional (= 1.20200225.0)
    - BoringSSL-GRPC (= 0.0.13)
    - gRPC-Core/Interface (= 1.33.1)
  - gRPC-Core/Interface (1.33.1)
  - gRPC-ProtoRPC (1.33.1):
    - gRPC-ProtoRPC/Legacy (= 1.33.1)
    - gRPC-ProtoRPC/Legacy-Header (= 1.33.1)
    - gRPC-ProtoRPC/Main (= 1.33.1)
  - gRPC-ProtoRPC/Legacy (1.33.1):
    - gRPC-ProtoRPC/Legacy-Header (= 1.33.1)
    - gRPC-ProtoRPC/Main (= 1.33.1)
    - gRPC-RxLibrary (= 1.33.1)
    - gRPC/GRPCCore (= 1.33.1)
    - Protobuf (~> 3.0)
  - gRPC-ProtoRPC/Legacy-Header (1.33.1)
  - gRPC-ProtoRPC/Main (1.33.1):
    - gRPC-ProtoRPC/Legacy-Header (= 1.33.1)
    - gRPC/Interface (= 1.33.1)
    - Protobuf (~> 3.0)
  - gRPC-RxLibrary (1.33.1):
    - gRPC-RxLibrary/Implementation (= 1.33.1)
    - gRPC-RxLibrary/Interface (= 1.33.1)
  - gRPC-RxLibrary/Implementation (1.33.1):
    - gRPC-RxLibrary/Interface
  - gRPC-RxLibrary/Interface (1.33.1)
  - gRPC/GRPCCore (1.33.1):
    - gRPC-Core (= 1.33.1)
    - gRPC-RxLibrary (= 1.33.1)
    - gRPC/Interface (= 1.33.1)
    - gRPC/Interface-Legacy (= 1.33.1)
  - gRPC/Interface (1.33.1):
    - gRPC/Interface-Legacy (= 1.33.1)
  - gRPC/Interface-Legacy (1.33.1):
    - gRPC-RxLibrary/Interface (= 1.33.1)
  - GTMSessionFetcher/Core (1.4.0)
  - leveldb-library (1.22.1)
  - Mantle (2.1.0):
    - Mantle/extobjc (= 2.1.0)
  - Mantle/extobjc (2.1.0)
  - nanopb (0.3.9011):
    - nanopb/decode (= 0.3.9011)
    - nanopb/encode (= 0.3.9011)
  - nanopb/decode (0.3.9011)
  - nanopb/encode (0.3.9011)
  - Protobuf (3.13.0)
  - TBURLRequestOptions (0.1.5)
  - YakKit (0.2.2):
    - Firebase/Auth
    - Firebase/Firestore
    - Mantle
    - TBURLRequestOptions

DEPENDENCIES:
  - YakKit (from `../`)

SPEC REPOS:
  trunk:
    - abseil
    - BoringSSL-GRPC
    - Firebase
    - FirebaseAnalytics
    - FirebaseAuth
    - FirebaseCore
    - FirebaseFirestore
    - FirebaseInstanceID
    - GoogleToolboxForMac
    - gRPC
    - gRPC-Core
    - gRPC-ProtoRPC
    - gRPC-RxLibrary
    - GTMSessionFetcher
    - leveldb-library
    - Mantle
    - nanopb
    - Protobuf
    - TBURLRequestOptions

EXTERNAL SOURCES:
  YakKit:
    :path: "../"

SPEC CHECKSUMS:
  abseil: 4fcdce446caa49368e0f5ba328cff93326c72a49
  BoringSSL-GRPC: 41adfd4432a3de4d89c5804e901749e62a7fe3e9
  Firebase: 5ec5e863d269d82d66b4bf56856726f8fb8f0fb3
  FirebaseAnalytics: 7ef69e76a5142f643aeb47c780e1cdce4e23632e
  FirebaseAuth: bf22cacf22c60ab454bf2636f556d8892b10b53f
  FirebaseCore: 90cb1c53d69b556f112a1bf72b5fcfaad7650790
  FirebaseFirestore: e92a096ce80c7b4b905d4e9d41dbd944adc9d2a5
  FirebaseInstanceID: 8d20d890d65c917f9f7d9950b6e10a760ad34321
  GoogleToolboxForMac: 91c824d21e85b31c2aae9bb011c5027c9b4e738f
  gRPC: 9a92176db1ea9646b055a801334be7315fbe5fa3
  gRPC-Core: 1be100864699534bd03d4664cc33a07196299ae5
  gRPC-ProtoRPC: 23bbbc0f1d59f579a35b01476c1e2ae428b89316
  gRPC-RxLibrary: fda857bcd5830a3f73e80cb623f6615f2107fde5
  GTMSessionFetcher: 6f5c8abbab8a9bce4bb3f057e317728ec6182b10
  leveldb-library: 50c7b45cbd7bf543c81a468fe557a16ae3db8729
  Mantle: 2fa750afa478cd625a94230fbf1c13462f29395b
  nanopb: 18003b5e52dab79db540fe93fe9579f399bd1ccd
  Protobuf: 3dac39b34a08151c6d949560efe3f86134a3f748
  TBURLRequestOptions: badb2323efa0cfc4a88c47ab851142ec7dc09dc2
  YakKit: 90333645ffb8132ad9ad463131335af2495fb3cd

PODFILE CHECKSUM: a11852a68c3b1b10f409d5f4c3f94ea693cfe565

COCOAPODS: 1.10.1
