PODS:
  - Mantle (2.0.5):
    - Mantle/extobjc (= 2.0.5)
  - Mantle/extobjc (2.0.5)
  - YakKit (0.1.0):
    - Mantle

DEPENDENCIES:
  - YakKit (from `../`)

EXTERNAL SOURCES:
  YakKit:
    :path: ../

SPEC CHECKSUMS:
  Mantle: 1912395033f601de5adc8ee91e48f46e4c7051ad
  YakKit: da47647fba1afb4f3f9dc417afb384e70501c44a

COCOAPODS: 0.38.0
